{
  "name": "@dfinity/examples",
  "version": "0.0.0",
  "lockfileVersion": 3,
  "requires": true,
  "packages": {
    "": {
      "name": "@dfinity/examples",
      "version": "0.0.0",
      "devDependencies": {
        "latest-version": "^9.0.0"
      }
    },
    "node_modules/@pnpm/config.env-replace": {
      "version": "1.1.0",
      "resolved": "https://registry.npmjs.org/@pnpm/config.env-replace/-/config.env-replace-1.1.0.tgz",
      "integrity": "sha512-htyl8TWnKL7K/ESFa1oW2UB5lVDxuF5DpM7tBi6Hu2LNL3mWkIzNLG6N4zoCUP1lCKNxWy/3iu8mS8MvToGd6w==",
      "dev": true,
      "engines": {
        "node": ">=12.22.0"
      }
    },
    "node_modules/@pnpm/network.ca-file": {
      "version": "1.0.2",
      "resolved": "https://registry.npmjs.org/@pnpm/network.ca-file/-/network.ca-file-1.0.2.tgz",
      "integrity": "sha512-YcPQ8a0jwYU9bTdJDpXjMi7Brhkr1mXsXrUJvjqM2mQDgkRiz8jFaQGOdaLxgjtUfQgZhKy/O3cG/YwmgKaxLA==",
      "dev": true,
      "dependencies": {
        "graceful-fs": "4.2.10"
      },
      "engines": {
        "node": ">=12.22.0"
      }
    },
    "node_modules/@pnpm/npm-conf": {
      "version": "2.3.1",
      "resolved": "https://registry.npmjs.org/@pnpm/npm-conf/-/npm-conf-2.3.1.tgz",
      "integrity": "sha512-c83qWb22rNRuB0UaVCI0uRPNRr8Z0FWnEIvT47jiHAmOIUHbBOg5XvV7pM5x+rKn9HRpjxquDbXYSXr3fAKFcw==",
      "dev": true,
      "dependencies": {
        "@pnpm/config.env-replace": "^1.1.0",
        "@pnpm/network.ca-file": "^1.0.1",
        "config-chain": "^1.1.11"
      },
      "engines": {
        "node": ">=12"
      }
    },
    "node_modules/config-chain": {
      "version": "1.1.13",
      "resolved": "https://registry.npmjs.org/config-chain/-/config-chain-1.1.13.tgz",
      "integrity": "sha512-qj+f8APARXHrM0hraqXYb2/bOVSV4PvJQlNZ/DVj0QrmNM2q2euizkeuVckQ57J+W0mRH6Hvi+k50M4Jul2VRQ==",
      "dev": true,
      "dependencies": {
        "ini": "^1.3.4",
        "proto-list": "~1.2.1"
      }
    },
    "node_modules/deep-extend": {
      "version": "0.6.0",
      "resolved": "https://registry.npmjs.org/deep-extend/-/deep-extend-0.6.0.tgz",
      "integrity": "sha512-LOHxIOaPYdHlJRtCQfDIVZtfw/ufM8+rVj649RIHzcm/vGwQRXFt6OPqIFWsm2XEMrNIEtWR64sY1LEKD2vAOA==",
      "dev": true,
      "engines": {
        "node": ">=4.0.0"
      }
    },
    "node_modules/graceful-fs": {
      "version": "4.2.10",
      "resolved": "https://registry.npmjs.org/graceful-fs/-/graceful-fs-4.2.10.tgz",
      "integrity": "sha512-9ByhssR2fPVsNZj478qUUbKfmL0+t5BDVyjShtyZZLiK7ZDAArFFfopyOTj0M05wE2tJPisA4iTnnXl2YoPvOA==",
      "dev": true
    },
    "node_modules/ini": {
      "version": "1.3.8",
      "resolved": "https://registry.npmjs.org/ini/-/ini-1.3.8.tgz",
      "integrity": "sha512-JV/yugV2uzW5iMRSiZAyDtQd+nxtUnjeLt0acNdw98kKLrvuRVyB80tsREOE7yvGVgalhZ6RNXCmEHkUKBKxew==",
      "dev": true
    },
    "node_modules/ky": {
      "version": "1.7.2",
      "resolved": "https://registry.npmjs.org/ky/-/ky-1.7.2.tgz",
      "integrity": "sha512-OzIvbHKKDpi60TnF9t7UUVAF1B4mcqc02z5PIvrm08Wyb+yOcz63GRvEuVxNT18a9E1SrNouhB4W2NNLeD7Ykg==",
      "dev": true,
      "engines": {
        "node": ">=18"
      },
      "funding": {
        "url": "https://github.com/sindresorhus/ky?sponsor=1"
      }
    },
    "node_modules/latest-version": {
      "version": "9.0.0",
      "resolved": "https://registry.npmjs.org/latest-version/-/latest-version-9.0.0.tgz",
      "integrity": "sha512-7W0vV3rqv5tokqkBAFV1LbR7HPOWzXQDpDgEuib/aJ1jsZZx6x3c2mBI+TJhJzOhkGeaLbCKEHXEXLfirtG2JA==",
      "dev": true,
      "dependencies": {
        "package-json": "^10.0.0"
      },
      "engines": {
        "node": ">=18"
      },
      "funding": {
        "url": "https://github.com/sponsors/sindresorhus"
      }
    },
    "node_modules/minimist": {
      "version": "1.2.8",
      "resolved": "https://registry.npmjs.org/minimist/-/minimist-1.2.8.tgz",
      "integrity": "sha512-2yyAR8qBkN3YuheJanUpWC5U3bb5osDywNB8RzDVlDwDHbocAJveqqj1u8+SVD7jkWT4yvsHCpWqqWqAxb0zCA==",
      "dev": true,
      "funding": {
        "url": "https://github.com/sponsors/ljharb"
      }
    },
    "node_modules/package-json": {
      "version": "10.0.1",
      "resolved": "https://registry.npmjs.org/package-json/-/package-json-10.0.1.tgz",
      "integrity": "sha512-ua1L4OgXSBdsu1FPb7F3tYH0F48a6kxvod4pLUlGY9COeJAJQNX/sNH2IiEmsxw7lqYiAwrdHMjz1FctOsyDQg==",
      "dev": true,
      "dependencies": {
        "ky": "^1.2.0",
        "registry-auth-token": "^5.0.2",
        "registry-url": "^6.0.1",
        "semver": "^7.6.0"
      },
      "engines": {
        "node": ">=18"
      },
      "funding": {
        "url": "https://github.com/sponsors/sindresorhus"
      }
    },
    "node_modules/proto-list": {
      "version": "1.2.4",
      "resolved": "https://registry.npmjs.org/proto-list/-/proto-list-1.2.4.tgz",
      "integrity": "sha512-vtK/94akxsTMhe0/cbfpR+syPuszcuwhqVjJq26CuNDgFGj682oRBXOP5MJpv2r7JtE8MsiepGIqvvOTBwn2vA==",
      "dev": true
    },
    "node_modules/rc": {
      "version": "1.2.8",
      "resolved": "https://registry.npmjs.org/rc/-/rc-1.2.8.tgz",
      "integrity": "sha512-y3bGgqKj3QBdxLbLkomlohkvsA8gdAiUQlSBJnBhfn+BPxg4bc62d8TcBW15wavDfgexCgccckhcZvywyQYPOw==",
      "dev": true,
      "dependencies": {
        "deep-extend": "^0.6.0",
        "ini": "~1.3.0",
        "minimist": "^1.2.0",
        "strip-json-comments": "~2.0.1"
      },
      "bin": {
        "rc": "cli.js"
      }
    },
    "node_modules/registry-auth-token": {
      "version": "5.0.2",
      "resolved": "https://registry.npmjs.org/registry-auth-token/-/registry-auth-token-5.0.2.tgz",
      "integrity": "sha512-o/3ikDxtXaA59BmZuZrJZDJv8NMDGSj+6j6XaeBmHw8eY1i1qd9+6H+LjVvQXx3HN6aRCGa1cUdJ9RaJZUugnQ==",
      "dev": true,
      "dependencies": {
        "@pnpm/npm-conf": "^2.1.0"
      },
      "engines": {
        "node": ">=14"
      }
    },
    "node_modules/registry-url": {
      "version": "6.0.1",
      "resolved": "https://registry.npmjs.org/registry-url/-/registry-url-6.0.1.tgz",
      "integrity": "sha512-+crtS5QjFRqFCoQmvGduwYWEBng99ZvmFvF+cUJkGYF1L1BfU8C6Zp9T7f5vPAwyLkUExpvK+ANVZmGU49qi4Q==",
      "dev": true,
      "dependencies": {
        "rc": "1.2.8"
      },
      "engines": {
        "node": ">=12"
      },
      "funding": {
        "url": "https://github.com/sponsors/sindresorhus"
      }
    },
    "node_modules/semver": {
      "version": "7.6.3",
      "resolved": "https://registry.npmjs.org/semver/-/semver-7.6.3.tgz",
      "integrity": "sha512-oVekP1cKtI+CTDvHWYFUcMtsK/00wmAEfyqKfNdARm8u1wNVhSgaX7A8d4UuIlUI5e84iEwOhs7ZPYRmzU9U6A==",
      "dev": true,
      "bin": {
        "semver": "bin/semver.js"
      },
      "engines": {
        "node": ">=10"
      }
    },
    "node_modules/strip-json-comments": {
      "version": "2.0.1",
      "resolved": "https://registry.npmjs.org/strip-json-comments/-/strip-json-comments-2.0.1.tgz",
      "integrity": "sha512-4gB8na07fecVVkOI6Rs4e7T6NOTki5EmL7TUduTs6bu3EdnSycntVJ4re8kgZA+wx9IueI2Y11bfbgwtzuE0KQ==",
      "dev": true,
      "engines": {
        "node": ">=0.10.0"
      }
    }
  }
}
