// !$*UTF8*$!
{
	archiveVersion = 1;
	classes = {
	};
	objectVersion = 56;
	objects = {

/* Begin PBXBuildFile section */
		6B3307F3294A26F000C2289D /* DappConfig.swift in Sources */ = {isa = PBXBuildFile; fileRef = 6B3307F2294A26F000C2289D /* DappConfig.swift */; };
		6B3307F5294B2C3000C2289D /* DAppDelegate.swift in Sources */ = {isa = PBXBuildFile; fileRef = 6B3307F4294B2C3000C2289D /* DAppDelegate.swift */; };
		6B3307F7294B42A100C2289D /* LoadingScreen.swift in Sources */ = {isa = PBXBuildFile; fileRef = 6B3307F6294B42A100C2289D /* LoadingScreen.swift */; };
		6B393F8C295445CE0033FC6D /* Sodium in Frameworks */ = {isa = PBXBuildFile; productRef = 6B393F8B295445CE0033FC6D /* Sodium */; };
		6BB55FB52951F63B00313F2B /* LoginSession.swift in Sources */ = {isa = PBXBuildFile; fileRef = 6BB55FB42951F63B00313F2B /* LoginSession.swift */; };
		6BC56F742953669300FD4DA5 /* IdentityKeyPair.swift in Sources */ = {isa = PBXBuildFile; fileRef = 6BC56F732953669300FD4DA5 /* IdentityKeyPair.swift */; };
		6BFF4B502941D38C0058917C /* DApp.swift in Sources */ = {isa = PBXBuildFile; fileRef = 6BFF4B4F2941D38C0058917C /* DApp.swift */; };
		6BFF4B522941D38C0058917C /* ContentView.swift in Sources */ = {isa = PBXBuildFile; fileRef = 6BFF4B512941D38C0058917C /* ContentView.swift */; };
		6BFF4B542941D38D0058917C /* Assets.xcassets in Resources */ = {isa = PBXBuildFile; fileRef = 6BFF4B532941D38D0058917C /* Assets.xcassets */; };
		6BFF4B572941D38D0058917C /* Preview Assets.xcassets in Resources */ = {isa = PBXBuildFile; fileRef = 6BFF4B562941D38D0058917C /* Preview Assets.xcassets */; };
		6BFF4B7A2941D5C20058917C /* DAppWebView.swift in Sources */ = {isa = PBXBuildFile; fileRef = 6BFF4B792941D5C20058917C /* DAppWebView.swift */; };
		6BFF4B84294204910058917C /* DAppExample-Info.plist in Resources */ = {isa = PBXBuildFile; fileRef = 6BFF4B83294204910058917C /* DAppExample-Info.plist */; };
/* End PBXBuildFile section */

/* Begin PBXFileReference section */
		6B3307F2294A26F000C2289D /* DappConfig.swift */ = {isa = PBXFileReference; lastKnownFileType = sourcecode.swift; path = DappConfig.swift; sourceTree = "<group>"; };
		6B3307F4294B2C3000C2289D /* DAppDelegate.swift */ = {isa = PBXFileReference; lastKnownFileType = sourcecode.swift; path = DAppDelegate.swift; sourceTree = "<group>"; };
		6B3307F6294B42A100C2289D /* LoadingScreen.swift */ = {isa = PBXFileReference; lastKnownFileType = sourcecode.swift; path = LoadingScreen.swift; sourceTree = "<group>"; };
		6BB55FB42951F63B00313F2B /* LoginSession.swift */ = {isa = PBXFileReference; lastKnownFileType = sourcecode.swift; path = LoginSession.swift; sourceTree = "<group>"; };
		6BC56F732953669300FD4DA5 /* IdentityKeyPair.swift */ = {isa = PBXFileReference; lastKnownFileType = sourcecode.swift; path = IdentityKeyPair.swift; sourceTree = "<group>"; };
		6BFF4B4C2941D38C0058917C /* DAppExample.app */ = {isa = PBXFileReference; explicitFileType = wrapper.application; includeInIndex = 0; path = DAppExample.app; sourceTree = BUILT_PRODUCTS_DIR; };
		6BFF4B4F2941D38C0058917C /* DApp.swift */ = {isa = PBXFileReference; lastKnownFileType = sourcecode.swift; path = DApp.swift; sourceTree = "<group>"; };
		6BFF4B512941D38C0058917C /* ContentView.swift */ = {isa = PBXFileReference; lastKnownFileType = sourcecode.swift; path = ContentView.swift; sourceTree = "<group>"; };
		6BFF4B532941D38D0058917C /* Assets.xcassets */ = {isa = PBXFileReference; lastKnownFileType = folder.assetcatalog; path = Assets.xcassets; sourceTree = "<group>"; };
		6BFF4B562941D38D0058917C /* Preview Assets.xcassets */ = {isa = PBXFileReference; lastKnownFileType = folder.assetcatalog; path = "Preview Assets.xcassets"; sourceTree = "<group>"; };
		6BFF4B792941D5C20058917C /* DAppWebView.swift */ = {isa = PBXFileReference; lastKnownFileType = sourcecode.swift; path = DAppWebView.swift; sourceTree = "<group>"; };
		6BFF4B7C2941E9D70058917C /* DAppExample.entitlements */ = {isa = PBXFileReference; lastKnownFileType = text.plist.entitlements; path = DAppExample.entitlements; sourceTree = "<group>"; };
		6BFF4B83294204910058917C /* DAppExample-Info.plist */ = {isa = PBXFileReference; lastKnownFileType = text.plist.xml; name = "DAppExample-Info.plist"; path = "../DAppExample-Info.plist"; sourceTree = "<group>"; };
/* End PBXFileReference section */

/* Begin PBXFrameworksBuildPhase section */
		6BFF4B492941D38C0058917C /* Frameworks */ = {
			isa = PBXFrameworksBuildPhase;
			buildActionMask = 2147483647;
			files = (
				6B393F8C295445CE0033FC6D /* Sodium in Frameworks */,
			);
			runOnlyForDeploymentPostprocessing = 0;
		};
/* End PBXFrameworksBuildPhase section */

/* Begin PBXGroup section */
		6B393F8129537D130033FC6D /* Frameworks */ = {
			isa = PBXGroup;
			children = (
			);
			name = Frameworks;
			sourceTree = "<group>";
		};
		6BFF4B432941D38C0058917C = {
			isa = PBXGroup;
			children = (
				6BFF4B4E2941D38C0058917C /* DAppExample */,
				6BFF4B4D2941D38C0058917C /* Products */,
				6B393F8129537D130033FC6D /* Frameworks */,
			);
			sourceTree = "<group>";
		};
		6BFF4B4D2941D38C0058917C /* Products */ = {
			isa = PBXGroup;
			children = (
				6BFF4B4C2941D38C0058917C /* DAppExample.app */,
			);
			name = Products;
			sourceTree = "<group>";
		};
		6BFF4B4E2941D38C0058917C /* DAppExample */ = {
			isa = PBXGroup;
			children = (
				6BFF4B4F2941D38C0058917C /* DApp.swift */,
				6B3307F4294B2C3000C2289D /* DAppDelegate.swift */,
				6B3307F2294A26F000C2289D /* DappConfig.swift */,
				6BFF4B512941D38C0058917C /* ContentView.swift */,
				6BFF4B792941D5C20058917C /* DAppWebView.swift */,
				6B3307F6294B42A100C2289D /* LoadingScreen.swift */,
				6BB55FB42951F63B00313F2B /* LoginSession.swift */,
				6BC56F732953669300FD4DA5 /* IdentityKeyPair.swift */,
				6BFF4B532941D38D0058917C /* Assets.xcassets */,
				6BFF4B552941D38D0058917C /* Preview Content */,
				6BFF4B7C2941E9D70058917C /* DAppExample.entitlements */,
				6BFF4B83294204910058917C /* DAppExample-Info.plist */,
			);
			path = DAppExample;
			sourceTree = "<group>";
		};
		6BFF4B552941D38D0058917C /* Preview Content */ = {
			isa = PBXGroup;
			children = (
				6BFF4B562941D38D0058917C /* Preview Assets.xcassets */,
			);
			path = "Preview Content";
			sourceTree = "<group>";
		};
/* End PBXGroup section */

/* Begin PBXNativeTarget section */
		6BFF4B4B2941D38C0058917C /* DAppExample */ = {
			isa = PBXNativeTarget;
			buildConfigurationList = 6BFF4B702941D38D0058917C /* Build configuration list for PBXNativeTarget "DAppExample" */;
			buildPhases = (
				6BFF4B482941D38C0058917C /* Sources */,
				6BFF4B492941D38C0058917C /* Frameworks */,
				6BFF4B4A2941D38C0058917C /* Resources */,
			);
			buildRules = (
			);
			dependencies = (
			);
			name = DAppExample;
			packageProductDependencies = (
				6B393F8B295445CE0033FC6D /* Sodium */,
			);
			productName = WebViewNotification;
			productReference = 6BFF4B4C2941D38C0058917C /* DAppExample.app */;
			productType = "com.apple.product-type.application";
		};
/* End PBXNativeTarget section */

/* Begin PBXProject section */
		6BFF4B442941D38C0058917C /* Project object */ = {
			isa = PBXProject;
			attributes = {
				BuildIndependentTargetsInParallel = 1;
				LastSwiftUpdateCheck = 1410;
				LastUpgradeCheck = 1410;
				TargetAttributes = {
					6BFF4B4B2941D38C0058917C = {
						CreatedOnToolsVersion = 14.1;
					};
				};
			};
			buildConfigurationList = 6BFF4B472941D38C0058917C /* Build configuration list for PBXProject "DAppExample" */;
			compatibilityVersion = "Xcode 14.0";
			developmentRegion = en;
			hasScannedForEncodings = 0;
			knownRegions = (
				en,
				Base,
			);
			mainGroup = 6BFF4B432941D38C0058917C;
			packageReferences = (
				6B393F8A295445CE0033FC6D /* XCRemoteSwiftPackageReference "swift-sodium" */,
			);
			productRefGroup = 6BFF4B4D2941D38C0058917C /* Products */;
			projectDirPath = "";
			projectRoot = "";
			targets = (
				6BFF4B4B2941D38C0058917C /* DAppExample */,
			);
		};
/* End PBXProject section */

/* Begin PBXResourcesBuildPhase section */
		6BFF4B4A2941D38C0058917C /* Resources */ = {
			isa = PBXResourcesBuildPhase;
			buildActionMask = 2147483647;
			files = (
				6BFF4B84294204910058917C /* DAppExample-Info.plist in Resources */,
				6BFF4B572941D38D0058917C /* Preview Assets.xcassets in Resources */,
				6BFF4B542941D38D0058917C /* Assets.xcassets in Resources */,
			);
			runOnlyForDeploymentPostprocessing = 0;
		};
/* End PBXResourcesBuildPhase section */

/* Begin PBXSourcesBuildPhase section */
		6BFF4B482941D38C0058917C /* Sources */ = {
			isa = PBXSourcesBuildPhase;
			buildActionMask = 2147483647;
			files = (
				6BB55FB52951F63B00313F2B /* LoginSession.swift in Sources */,
				6BFF4B7A2941D5C20058917C /* DAppWebView.swift in Sources */,
				6BFF4B522941D38C0058917C /* ContentView.swift in Sources */,
				6B3307F3294A26F000C2289D /* DappConfig.swift in Sources */,
				6B3307F5294B2C3000C2289D /* DAppDelegate.swift in Sources */,
				6BC56F742953669300FD4DA5 /* IdentityKeyPair.swift in Sources */,
				6BFF4B502941D38C0058917C /* DApp.swift in Sources */,
				6B3307F7294B42A100C2289D /* LoadingScreen.swift in Sources */,
			);
			runOnlyForDeploymentPostprocessing = 0;
		};
/* End PBXSourcesBuildPhase section */

/* Begin XCBuildConfiguration section */
		6BFF4B6E2941D38D0058917C /* Debug */ = {
			isa = XCBuildConfiguration;
			buildSettings = {
				ALWAYS_SEARCH_USER_PATHS = NO;
				CLANG_ANALYZER_NONNULL = YES;
				CLANG_ANALYZER_NUMBER_OBJECT_CONVERSION = YES_AGGRESSIVE;
				CLANG_CXX_LANGUAGE_STANDARD = "gnu++20";
				CLANG_ENABLE_MODULES = YES;
				CLANG_ENABLE_OBJC_ARC = YES;
				CLANG_ENABLE_OBJC_WEAK = YES;
				CLANG_WARN_BLOCK_CAPTURE_AUTORELEASING = YES;
				CLANG_WARN_BOOL_CONVERSION = YES;
				CLANG_WARN_COMMA = YES;
				CLANG_WARN_CONSTANT_CONVERSION = YES;
				CLANG_WARN_DEPRECATED_OBJC_IMPLEMENTATIONS = YES;
				CLANG_WARN_DIRECT_OBJC_ISA_USAGE = YES_ERROR;
				CLANG_WARN_DOCUMENTATION_COMMENTS = YES;
				CLANG_WARN_EMPTY_BODY = YES;
				CLANG_WARN_ENUM_CONVERSION = YES;
				CLANG_WARN_INFINITE_RECURSION = YES;
				CLANG_WARN_INT_CONVERSION = YES;
				CLANG_WARN_NON_LITERAL_NULL_CONVERSION = YES;
				CLANG_WARN_OBJC_IMPLICIT_RETAIN_SELF = YES;
				CLANG_WARN_OBJC_LITERAL_CONVERSION = YES;
				CLANG_WARN_OBJC_ROOT_CLASS = YES_ERROR;
				CLANG_WARN_QUOTED_INCLUDE_IN_FRAMEWORK_HEADER = YES;
				CLANG_WARN_RANGE_LOOP_ANALYSIS = YES;
				CLANG_WARN_STRICT_PROTOTYPES = YES;
				CLANG_WARN_SUSPICIOUS_MOVE = YES;
				CLANG_WARN_UNGUARDED_AVAILABILITY = YES_AGGRESSIVE;
				CLANG_WARN_UNREACHABLE_CODE = YES;
				CLANG_WARN__DUPLICATE_METHOD_MATCH = YES;
				COPY_PHASE_STRIP = NO;
				DEBUG_INFORMATION_FORMAT = dwarf;
				ENABLE_STRICT_OBJC_MSGSEND = YES;
				ENABLE_TESTABILITY = YES;
				GCC_C_LANGUAGE_STANDARD = gnu11;
				GCC_DYNAMIC_NO_PIC = NO;
				GCC_NO_COMMON_BLOCKS = YES;
				GCC_OPTIMIZATION_LEVEL = 0;
				GCC_PREPROCESSOR_DEFINITIONS = (
					"DEBUG=1",
					"$(inherited)",
				);
				GCC_WARN_64_TO_32_BIT_CONVERSION = YES;
				GCC_WARN_ABOUT_RETURN_TYPE = YES_ERROR;
				GCC_WARN_UNDECLARED_SELECTOR = YES;
				GCC_WARN_UNINITIALIZED_AUTOS = YES_AGGRESSIVE;
				GCC_WARN_UNUSED_FUNCTION = YES;
				GCC_WARN_UNUSED_VARIABLE = YES;
				IPHONEOS_DEPLOYMENT_TARGET = 16.1;
				MTL_ENABLE_DEBUG_INFO = INCLUDE_SOURCE;
				MTL_FAST_MATH = YES;
				ONLY_ACTIVE_ARCH = YES;
				SDKROOT = iphoneos;
				SWIFT_ACTIVE_COMPILATION_CONDITIONS = DEBUG;
				SWIFT_OPTIMIZATION_LEVEL = "-Onone";
			};
			name = Debug;
		};
		6BFF4B6F2941D38D0058917C /* Release */ = {
			isa = XCBuildConfiguration;
			buildSettings = {
				ALWAYS_SEARCH_USER_PATHS = NO;
				CLANG_ANALYZER_NONNULL = YES;
				CLANG_ANALYZER_NUMBER_OBJECT_CONVERSION = YES_AGGRESSIVE;
				CLANG_CXX_LANGUAGE_STANDARD = "gnu++20";
				CLANG_ENABLE_MODULES = YES;
				CLANG_ENABLE_OBJC_ARC = YES;
				CLANG_ENABLE_OBJC_WEAK = YES;
				CLANG_WARN_BLOCK_CAPTURE_AUTORELEASING = YES;
				CLANG_WARN_BOOL_CONVERSION = YES;
				CLANG_WARN_COMMA = YES;
				CLANG_WARN_CONSTANT_CONVERSION = YES;
				CLANG_WARN_DEPRECATED_OBJC_IMPLEMENTATIONS = YES;
				CLANG_WARN_DIRECT_OBJC_ISA_USAGE = YES_ERROR;
				CLANG_WARN_DOCUMENTATION_COMMENTS = YES;
				CLANG_WARN_EMPTY_BODY = YES;
				CLANG_WARN_ENUM_CONVERSION = YES;
				CLANG_WARN_INFINITE_RECURSION = YES;
				CLANG_WARN_INT_CONVERSION = YES;
				CLANG_WARN_NON_LITERAL_NULL_CONVERSION = YES;
				CLANG_WARN_OBJC_IMPLICIT_RETAIN_SELF = YES;
				CLANG_WARN_OBJC_LITERAL_CONVERSION = YES;
				CLANG_WARN_OBJC_ROOT_CLASS = YES_ERROR;
				CLANG_WARN_QUOTED_INCLUDE_IN_FRAMEWORK_HEADER = YES;
				CLANG_WARN_RANGE_LOOP_ANALYSIS = YES;
				CLANG_WARN_STRICT_PROTOTYPES = YES;
				CLANG_WARN_SUSPICIOUS_MOVE = YES;
				CLANG_WARN_UNGUARDED_AVAILABILITY = YES_AGGRESSIVE;
				CLANG_WARN_UNREACHABLE_CODE = YES;
				CLANG_WARN__DUPLICATE_METHOD_MATCH = YES;
				COPY_PHASE_STRIP = NO;
				DEBUG_INFORMATION_FORMAT = "dwarf-with-dsym";
				ENABLE_NS_ASSERTIONS = NO;
				ENABLE_STRICT_OBJC_MSGSEND = YES;
				GCC_C_LANGUAGE_STANDARD = gnu11;
				GCC_NO_COMMON_BLOCKS = YES;
				GCC_WARN_64_TO_32_BIT_CONVERSION = YES;
				GCC_WARN_ABOUT_RETURN_TYPE = YES_ERROR;
				GCC_WARN_UNDECLARED_SELECTOR = YES;
				GCC_WARN_UNINITIALIZED_AUTOS = YES_AGGRESSIVE;
				GCC_WARN_UNUSED_FUNCTION = YES;
				GCC_WARN_UNUSED_VARIABLE = YES;
				IPHONEOS_DEPLOYMENT_TARGET = 16.1;
				MTL_ENABLE_DEBUG_INFO = NO;
				MTL_FAST_MATH = YES;
				SDKROOT = iphoneos;
				SWIFT_COMPILATION_MODE = wholemodule;
				SWIFT_OPTIMIZATION_LEVEL = "-O";
				VALIDATE_PRODUCT = YES;
			};
			name = Release;
		};
		6BFF4B712941D38D0058917C /* Debug */ = {
			isa = XCBuildConfiguration;
			buildSettings = {
				ASSETCATALOG_COMPILER_APPICON_NAME = AppIcon;
				ASSETCATALOG_COMPILER_GLOBAL_ACCENT_COLOR_NAME = AccentColor;
				CODE_SIGN_ENTITLEMENTS = DAppExample/DAppExample.entitlements;
				CODE_SIGN_IDENTITY = "Apple Development";
				CODE_SIGN_STYLE = Automatic;
				CURRENT_PROJECT_VERSION = 1;
				DEVELOPMENT_ASSET_PATHS = "\"DAppExample/Preview Content\"";
				DEVELOPMENT_TEAM = 9H35YHV94H;
				ENABLE_PREVIEWS = YES;
				GENERATE_INFOPLIST_FILE = YES;
				INFOPLIST_FILE = "DAppExample-Info.plist";
				INFOPLIST_KEY_UIApplicationSceneManifest_Generation = YES;
				INFOPLIST_KEY_UIApplicationSupportsIndirectInputEvents = YES;
				INFOPLIST_KEY_UILaunchScreen_Generation = YES;
				INFOPLIST_KEY_UISupportedInterfaceOrientations_iPad = "UIInterfaceOrientationPortrait UIInterfaceOrientationPortraitUpsideDown UIInterfaceOrientationLandscapeLeft UIInterfaceOrientationLandscapeRight";
				INFOPLIST_KEY_UISupportedInterfaceOrientations_iPhone = "UIInterfaceOrientationPortrait UIInterfaceOrientationLandscapeLeft UIInterfaceOrientationLandscapeRight";
				LD_RUNPATH_SEARCH_PATHS = (
					"$(inherited)",
					"@executable_path/Frameworks",
				);
				MARKETING_VERSION = 1.0;
				PRODUCT_BUNDLE_IDENTIFIER = com.dfinity.dappexample;
				PRODUCT_NAME = "$(TARGET_NAME)";
				PROVISIONING_PROFILE_SPECIFIER = "";
				SUPPORTED_PLATFORMS = "iphoneos iphonesimulator";
				SUPPORTS_MACCATALYST = NO;
				SUPPORTS_MAC_DESIGNED_FOR_IPHONE_IPAD = NO;
				SWIFT_EMIT_LOC_STRINGS = YES;
				SWIFT_VERSION = 5.0;
				TARGETED_DEVICE_FAMILY = 1;
			};
			name = Debug;
		};
		6BFF4B722941D38D0058917C /* Release */ = {
			isa = XCBuildConfiguration;
			buildSettings = {
				ASSETCATALOG_COMPILER_APPICON_NAME = AppIcon;
				ASSETCATALOG_COMPILER_GLOBAL_ACCENT_COLOR_NAME = AccentColor;
				CODE_SIGN_ENTITLEMENTS = DAppExample/DAppExample.entitlements;
				CODE_SIGN_IDENTITY = "Apple Development";
				CODE_SIGN_STYLE = Automatic;
				CURRENT_PROJECT_VERSION = 1;
				DEVELOPMENT_ASSET_PATHS = "\"DAppExample/Preview Content\"";
				DEVELOPMENT_TEAM = 9H35YHV94H;
				ENABLE_PREVIEWS = YES;
				GENERATE_INFOPLIST_FILE = YES;
				INFOPLIST_FILE = "DAppExample-Info.plist";
				INFOPLIST_KEY_UIApplicationSceneManifest_Generation = YES;
				INFOPLIST_KEY_UIApplicationSupportsIndirectInputEvents = YES;
				INFOPLIST_KEY_UILaunchScreen_Generation = YES;
				INFOPLIST_KEY_UISupportedInterfaceOrientations_iPad = "UIInterfaceOrientationPortrait UIInterfaceOrientationPortraitUpsideDown UIInterfaceOrientationLandscapeLeft UIInterfaceOrientationLandscapeRight";
				INFOPLIST_KEY_UISupportedInterfaceOrientations_iPhone = "UIInterfaceOrientationPortrait UIInterfaceOrientationLandscapeLeft UIInterfaceOrientationLandscapeRight";
				LD_RUNPATH_SEARCH_PATHS = (
					"$(inherited)",
					"@executable_path/Frameworks",
				);
				MARKETING_VERSION = 1.0;
				PRODUCT_BUNDLE_IDENTIFIER = com.dfinity.dappexample;
				PRODUCT_NAME = "$(TARGET_NAME)";
				PROVISIONING_PROFILE_SPECIFIER = "";
				SUPPORTED_PLATFORMS = "iphoneos iphonesimulator";
				SUPPORTS_MACCATALYST = NO;
				SUPPORTS_MAC_DESIGNED_FOR_IPHONE_IPAD = NO;
				SWIFT_EMIT_LOC_STRINGS = YES;
				SWIFT_VERSION = 5.0;
				TARGETED_DEVICE_FAMILY = 1;
			};
			name = Release;
		};
/* End XCBuildConfiguration section */

/* Begin XCConfigurationList section */
		6BFF4B472941D38C0058917C /* Build configuration list for PBXProject "DAppExample" */ = {
			isa = XCConfigurationList;
			buildConfigurations = (
				6BFF4B6E2941D38D0058917C /* Debug */,
				6BFF4B6F2941D38D0058917C /* Release */,
			);
			defaultConfigurationIsVisible = 0;
			defaultConfigurationName = Release;
		};
		6BFF4B702941D38D0058917C /* Build configuration list for PBXNativeTarget "DAppExample" */ = {
			isa = XCConfigurationList;
			buildConfigurations = (
				6BFF4B712941D38D0058917C /* Debug */,
				6BFF4B722941D38D0058917C /* Release */,
			);
			defaultConfigurationIsVisible = 0;
			defaultConfigurationName = Release;
		};
/* End XCConfigurationList section */

/* Begin XCRemoteSwiftPackageReference section */
		6B393F8A295445CE0033FC6D /* XCRemoteSwiftPackageReference "swift-sodium" */ = {
			isa = XCRemoteSwiftPackageReference;
			repositoryURL = "https://github.com/jedisct1/swift-sodium";
			requirement = {
				kind = upToNextMajorVersion;
				minimumVersion = 0.9.1;
			};
		};
/* End XCRemoteSwiftPackageReference section */

/* Begin XCSwiftPackageProductDependency section */
		6B393F8B295445CE0033FC6D /* Sodium */ = {
			isa = XCSwiftPackageProductDependency;
			package = 6B393F8A295445CE0033FC6D /* XCRemoteSwiftPackageReference "swift-sodium" */;
			productName = Sodium;
		};
/* End XCSwiftPackageProductDependency section */
	};
	rootObject = 6BFF4B442941D38C0058917C /* Project object */;
}
