{
  "version": 3,
  "mopsTomlDepsHash": "c3303186871a047ea88cfff4faa6666a4310a22fcdefcc52427de77ba048307d",
  "deps": {
    "core": "2.5.0",
    "bitcoin": "0.2.0",
    "sha2": "0.1.14",
    "ic": "4.0.0"
  },
  "hashes": {
    "core@2.5.0": {
      "core@2.5.0/src/Blob.mo": "25d7c07e9786f11ceb8611a32a83b8491769580024054086e4548607a67afbe4",
      "core@2.5.0/LICENSE": "840e3d57a38a8061f55d04470fbd58b9345326fa04ea10ee42add5c6e3b2aa08",
      "core@2.5.0/README.md": "9fce230bdc675d2493d65493c295ffce47bda7b56a80d23a389ca95d117dcb39",
      "core@2.5.0/NOTICE": "d62ca4ef9e2c9df064115c339013593cf0769e2b9dc78fa4b3211222541c7f83",
      "core@2.5.0/mops.toml": "5d34e80a4636956c22bedeeb1c00de33eb1ebfc32a2c2bdd260ce5045fce84ef",
      "core@2.5.0/src/Array.mo": "7400fd0e6d2550ddb6d01833f67a69109c617032ac445275aabc7c7d188caf8d",
      "core@2.5.0/src/Base64.mo": "34bedbad18db06770823e86668a5968893124bfa6d60d8df6b8d9a9a8e15e441",
      "core@2.5.0/src/Bool.mo": "3b606a6631f28c774e3055bc860201e56260fd32fdc5e8dc00d901506be95db5",
      "core@2.5.0/src/Error.mo": "2112280ea5300ae94ff9188c3bbd75a7db87f0c6eb65c2ac5bf04bc27c851d98",
      "core@2.5.0/src/CallerAttributes.mo": "7ac5ea306f7e4393a7830a1dd522583d3388b8dd4667db132ee77ba9ae131f66",
      "core@2.5.0/src/Debug.mo": "526c3f9d94e4a682917febb7b0021831a7cc345a2aa63e2499ddeda33cf63b3e",
      "core@2.5.0/src/Cycles.mo": "9f5c1fceea47f05c43f22a1c25e8753fb7e552e36106d27bceef24b1310f4cbc",
      "core@2.5.0/src/Char.mo": "ecc2550a6c70ccbb204d216bd18a422d2fcfbb4668a89ac49aab059972902041",
      "core@2.5.0/src/Float.mo": "d8b0afa56911ce8da99e26c8b0f2f149cfdea04da864805ee1af44b67ce047b7",
      "core@2.5.0/src/CertifiedData.mo": "5af3182d77ab7aab2384d1f663a8cd992bbd6652aacff29c443314cf2186328f",
      "core@2.5.0/src/Int32.mo": "41d42155e753ef9fc1301c8823f255134bf2202d4a74ef33e7b7b54a8fc53af4",
      "core@2.5.0/src/Int16.mo": "78c72aafbc039e2c0becc824caa4181158206759d6859e83077db360bc8568c3",
      "core@2.5.0/src/Float32.mo": "8716c0504acb010c2f358a22896f917835377ebf16e4977e1776a26dae1d615c",
      "core@2.5.0/src/Func.mo": "535991ccca8d551d48129a0b7df03ea7bd6ebf3d74b1b572259d10ce709d7d46",
      "core@2.5.0/src/Int.mo": "03886964690ff75ecd4170decd67653c517dadc65d9957fc644d03e9c1cf9abb",
      "core@2.5.0/src/InternetComputer.mo": "969951411beb5caf7d60ba6d5e906a5c70a3b466cee42e1135d1cd3d791cb3a1",
      "core@2.5.0/src/Int64.mo": "f1fda85af9f20b47bcbfda6eaef08c6eee11cab6e5fe3eadb2d9b1c2bcef2e65",
      "core@2.5.0/src/Int8.mo": "361af007cfc333937c6bb8e238304db1a7f07a310ec3321a85b89d627f16990f",
      "core@2.5.0/src/Map.mo": "71c1dd738868479cc9770470706f6f222ac9d7b4a2743f59b33b16b31fd98ac7",
      "core@2.5.0/src/List.mo": "263c61ad591bc94f5adfc27517122ce060b9f50425b52e4e01c2d0ed1ced029d",
      "core@2.5.0/src/Nat16.mo": "2b04622ab82be11147130dce8968195c0d4a09b37de8f57d16580673ca780f78",
      "core@2.5.0/src/Nat64.mo": "b7ea9f45a35f82c81771c1c36d99d73fdbd9e21f5b0c10e832685f7327246c5e",
      "core@2.5.0/src/Nat32.mo": "e3630af6551ae2a80f3809870f55d137c07f68092940c8d9255395504e4e81c8",
      "core@2.5.0/src/Iter.mo": "3627fbf52a392bfa76c6d6803c584b1556add077d0ad214d55802e17acf4d773",
      "core@2.5.0/src/Nat.mo": "78dab3e33310b766ee9066095a3e6acb1884a8dac32ae9a7cd560637d1e4ea4a",
      "core@2.5.0/src/Nat8.mo": "e45a6ae2a55ee6ff890d556dc289816b1bdf352d52d4b3ce54e57ae795deffc2",
      "core@2.5.0/src/Option.mo": "aeec94cd6954e7b8b5463a5b15abddfb56c5322cb9b9e7ac782092d5c33a8b38",
      "core@2.5.0/src/Region.mo": "741a6fae4f61e42fa0a938b00646515edfc96527341a3a2c3936d436c973798b",
      "core@2.5.0/src/Result.mo": "0932722ab0187524c3c11539ccf2a1b9453438a9f3a042dde94e45d9c56a32c5",
      "core@2.5.0/src/Principal.mo": "2246c14f55c5bc6968d97b551d9083522bb7a35bfac6f10f4dbcaa7ba53fbb3f",
      "core@2.5.0/src/Random.mo": "f5d48c30297b579a068af8cd8c6f4f986605e492b1b65424329a5171d1480e97",
      "core@2.5.0/src/Order.mo": "6c21e905e1e8c2b40cd50438218230c207d0bbec0d2514779edd76f9f84a812c",
      "core@2.5.0/src/PriorityQueue.mo": "37b9906d1d5a61e520027fd2e48a77facb28ddc760d8129447d6902e037ef7ce",
      "core@2.5.0/src/Queue.mo": "807ae8b4bdcaef6e37c57b65a93a04c0c5ed72f77e315e9916f5a25f62ce424f",
      "core@2.5.0/src/Runtime.mo": "d221bd16b45cb717cb4ef4fd698fa8632a415aecbbb5a6fdc8b5cd4bc50a9e56",
      "core@2.5.0/src/Stack.mo": "ed3c98fae4164ab4f934752f9adc2a92098af8f6d9fc71b16a54867cdb8787f8",
      "core@2.5.0/src/Text.mo": "c23d3f2970234a9553d33aaed7907684d16b220e2cea95ebce02b25c3215e787",
      "core@2.5.0/src/Types.mo": "00dc0132996b3bb3eaf5cc4413be78ca860137ef26f5b472b0e7b3ef68f6652f",
      "core@2.5.0/src/Tuples.mo": "0156c1fc21fffedd71d173e0d1b1e7a9a19726cbc49ec1cf49029d6d93bc7955",
      "core@2.5.0/src/Timer.mo": "389c247eed600fc8195ad1d9872f98fcc92faad96335c9734cf5265d573612e2",
      "core@2.5.0/src/Set.mo": "d64fed0989da152d0a4baa81719bef548ad3f461367d5d434d14e98cb18281f0",
      "core@2.5.0/src/Time.mo": "fcffd56cbeb21c3d8613973f3f1ea382babcf122ea93c9689149f0101c5f3e96",
      "core@2.5.0/src/WeakReference.mo": "06e58a6d67bf67c4b31ff871416d0cf6d6e34bfb409ce73d83372ef6b74de3cf",
      "core@2.5.0/src/VarArray.mo": "289e68fe216caa39d7d4829b73ccc03ed6e5e2e1d07079e3baa83b55651d1dd8",
      "core@2.5.0/src/internal/BTreeHelper.mo": "20a475baf18f924ee0297fc234469fa0985cdaa31c85ce002b5a921383b0534d",
      "core@2.5.0/src/pure/List.mo": "b4fb45cf75410461fb1501a316d2384d1be63fee1fccf11ed1d29677e5e2393c",
      "core@2.5.0/src/internal/PRNG.mo": "8a93e87baa2b12f613c82394a4a05b425e44a695bbace4ca36f9a1f78be26442",
      "core@2.5.0/src/internal/SortHelper.mo": "fff4f2eec5c59a3db13e46eeb69152bb1b98931f45cb58ac481439a0cd0d10bb",
      "core@2.5.0/src/pure/Map.mo": "e9868fc4dd5e8e6272382e33241c59f8664e3de2e618cbf62fa8b20beabecfab",
      "core@2.5.0/src/pure/Queue.mo": "ed0bd0968457ea3bb24c5367f0dbdb159cfe950d0e2666224985e57a784fae3b",
      "core@2.5.0/src/pure/RealTimeQueue.mo": "af133ae61c69ce4e00db5e9db53ddeccad84373fef82a156c85360c2426349dd",
      "core@2.5.0/src/pure/Set.mo": "f0155b1d548cbc8889fcff75ef52f0cab7998b034621e4faac8d3b79d7bbac07"
    },
    "bitcoin@0.2.0": {
      "bitcoin@0.2.0/src/Bech32.mo": "7a10cc7ebac1acff0ab90398e47950d10b3d3ee5fdd0b57cd63fdd79730769de",
      "bitcoin@0.2.0/README.md": "c0f4ed402a85115747fae4bc1f0e754473f2e659e1c4c62a54c9b8f70d8ee46b",
      "bitcoin@0.2.0/src/Bip32.mo": "a1e40eef536223e4e2230d92e7022adb0a9fb2124e67aace4694fc77149c614e",
      "bitcoin@0.2.0/mops.toml": "6a02223072abf7a78a50f597adb4c68e1e677da8b2c726176bb7d47555ea3998",
      "bitcoin@0.2.0/src/Base58Check.mo": "aead16dbdfcf5d4666fe761378972631bdb1a25ae03294d716a6224ae3bc5739",
      "bitcoin@0.2.0/src/Base58.mo": "37f1909f82405ef545039f99f22d0991913e7cd587baaf8e979d2bee94d1277a",
      "bitcoin@0.2.0/LICENSE": "c40ad81ae283a698516dbff4959219d6ba96cbec1c545647af1f11f715a73d2a",
      "bitcoin@0.2.0/src/Hmac.mo": "ea7d70defbb7e5631abb81ef8df184362eda8281985448713095baff7f20cb2a",
      "bitcoin@0.2.0/src/Hash.mo": "3fb04f66fc1e379e3c6f68eb48f18eae287dbf15e72ff8a45a1aed0a1f8e4908",
      "bitcoin@0.2.0/src/ByteUtils.mo": "930ea851001cc588a34c22ce2fe52f04e1604691bea4f624565fb83df853173c",
      "bitcoin@0.2.0/src/Ripemd160.mo": "fadc5c8864bca6acea8a5849ce6de595f33c3a8c7aee4763688afef4d36c571c",
      "bitcoin@0.2.0/src/Common.mo": "c77221da08103dd6ba593a7c9c00996a8ce61f5514b7868926e72f541a57ce6d",
      "bitcoin@0.2.0/src/Segwit.mo": "48119a682fa7b909f8fb0c291e460267f7753ce3c75a48f51cc77f21e109d2c4",
      "bitcoin@0.2.0/src/bitcoin/Address.mo": "41f5269c035e63a1009959636e9382d157010de81e89e56446c79e3cfa55fc26",
      "bitcoin@0.2.0/src/bitcoin/Bitcoin.mo": "97cd6b7e3c84661ce30706ec7d3f598a5197a3c0f276526a0551505cd6a40e9a",
      "bitcoin@0.2.0/src/bitcoin/TxInput.mo": "229305f926e29689da2c790886532d1cfe6c721baeec647c298eef00ea1816f7",
      "bitcoin@0.2.0/src/bitcoin/P2tr.mo": "ab896315c399414f08ac6e0ecf7e534afa2cfbc8657476c915cc5d2a77fd044f",
      "bitcoin@0.2.0/src/bitcoin/TxOutput.mo": "1a5d405a0d7d69d1cdb8f592a1ff7bcc3e0728b3bf443bda5ffe9bea6e7bc3d4",
      "bitcoin@0.2.0/src/bitcoin/Script.mo": "63bc20d19b3ac10e4563c50fa2aea5a3fe78160168da2123571cb03c2d7a94a5",
      "bitcoin@0.2.0/src/bitcoin/P2pkh.mo": "38e4914a83b02d67aeb4ef2412fcf6bc9949d79ad22a59258d773719fad056bb",
      "bitcoin@0.2.0/src/bitcoin/Wif.mo": "a64c0f625f1febde197a70e8c89c2d5e04bd5f84c1cc90281b963b8b4adea129",
      "bitcoin@0.2.0/src/bitcoin/Types.mo": "093cdd2376e381907aa2d76b6222d2a50b323a1f01b6b549030ae3fcb1208904",
      "bitcoin@0.2.0/src/bitcoin/Transaction.mo": "3f50861d8cb2b1d026205c235a6fb6026e903cd98b8184bf7685cf43f08ba899",
      "bitcoin@0.2.0/src/ec/Jacobi.mo": "b86245b857f6ec8690a22e2af3f37b5d1780fced1e1a00e7636527c6fda07f6a",
      "bitcoin@0.2.0/src/ec/Curves.mo": "d851c340c03626916eee160d51bf1a9e43c29ab687f3868fb581a6113c89f2d2",
      "bitcoin@0.2.0/src/ec/Numbers.mo": "707971332d4fd91d3d7b8cce9123440f1a91ed1574b87b976343404e8723e830",
      "bitcoin@0.2.0/src/ec/Affine.mo": "43b89261a260ae6ef0d4f3d38fd7812fd37d44530d939f5bf1bb7bea242d2508",
      "bitcoin@0.2.0/src/bitcoin/Witness.mo": "7f2121c689a6874b7aa0cb9400817ded5387e1834d691998c89762a0a03a0280",
      "bitcoin@0.2.0/src/ec/Field.mo": "9baef5e998431d8a58ef10814c2428ac22c51b9f26344d458649edabf65a5609",
      "bitcoin@0.2.0/src/ec/Fp.mo": "c23a7d831863601f2de0d7e96d9785adb82a26c81f47a90ec3b7f339eaba3f87",
      "bitcoin@0.2.0/src/ecdsa/Der.mo": "2b0733d8e8f7a891f805a6cd535958e3401211fb0b1c4c51ba5476824653e5ee",
      "bitcoin@0.2.0/src/ecdsa/Publickey.mo": "4c3decb9e1ceb918e5256d971094e35c16c42f50d1ce2f845aefe4b1eff0a206",
      "bitcoin@0.2.0/src/ecdsa/Types.mo": "c51b6e2f437399b634782bba5533a8825636b0ca68c776b62a1b1e40ffa85a31",
      "bitcoin@0.2.0/src/ecdsa/Ecdsa.mo": "6707059ca40a1de8c5d94be023b63807fe1fe7cb0b9b79c702b11ec2288efcf6"
    },
    "sha2@0.1.14": {
      "sha2@0.1.14/mops.toml": "ba73b13715683357925fb004b66e43a0f3fabb5fdce3028f13d12d4a297b3170",
      "sha2@0.1.14/README.md": "f06ce7acdfabd793202505e744591c6692b54eeb97f97689bc889fd1926a1de0",
      "sha2@0.1.14/src/Sha512.mo": "8b9f809dd637e4490ca7c33a0c6911e4ab853a3c69a8b54304567ff502068559",
      "sha2@0.1.14/LICENSE": "0351aa17e901e2f426698e6199237119a18c8ea1674877e0eb4d694ee9c4b938",
      "sha2@0.1.14/NOTICE": "2a2979e2cb91a7d903c3377ed8031a92e7fd467fd9ddb005f2ae2042ead1b4f1",
      "sha2@0.1.14/src/Sha256.mo": "d7c858eb1c097e9336ace80e754fb45b3c7b8e11884bebce3a228af5b4494c26"
    },
    "ic@4.0.0": {
      "ic@4.0.0/README.md": "7686aefce0c535d18ee2768e98660575563daa53b00d2c1041170032c232784c",
      "ic@4.0.0/mops.toml": "7a6bb3d74b1ec5539b9bb88e0a0a0ba09e8c46e00b38cb5feda009d6b80723df",
      "ic@4.0.0/src/Call.mo": "b4a3572e5617d0b1eb696450344b65e99504f844794e7ddf1cff664fcfeb2994",
      "ic@4.0.0/src/lib.mo": "9d9ec84a85eb25d191c1cae99cb841d9b6e0cf0f9bc27c3f3805ac9673d7bef1",
      "ic@4.0.0/LICENSE": "ec415b57f8143746b567c94bfad243f5342f3edf110c94641a1a60e02722db55",
      "ic@4.0.0/src/Types.mo": "373c3a18e072058aecaaec99385a08f95746c7e86cc9694f9f23caa982c2ad6c"
    }
  }
}