{
  "version": 3,
  "mopsTomlDepsHash": "bbea2f0a867714d2e59626a02fe05b37f6c0e4b02db9003c94f2f090fa565246",
  "deps": {
    "core": "2.5.0",
    "bitcoin": "0.1.0",
    "base": "0.12.1",
    "sha2": "0.1.0",
    "ic": "4.0.0"
  },
  "hashes": {
    "core@2.5.0": {
      "core@2.5.0/src/Blob.mo": "25d7c07e9786f11ceb8611a32a83b8491769580024054086e4548607a67afbe4",
      "core@2.5.0/LICENSE": "840e3d57a38a8061f55d04470fbd58b9345326fa04ea10ee42add5c6e3b2aa08",
      "core@2.5.0/README.md": "9fce230bdc675d2493d65493c295ffce47bda7b56a80d23a389ca95d117dcb39",
      "core@2.5.0/NOTICE": "d62ca4ef9e2c9df064115c339013593cf0769e2b9dc78fa4b3211222541c7f83",
      "core@2.5.0/mops.toml": "5d34e80a4636956c22bedeeb1c00de33eb1ebfc32a2c2bdd260ce5045fce84ef",
      "core@2.5.0/src/Array.mo": "7400fd0e6d2550ddb6d01833f67a69109c617032ac445275aabc7c7d188caf8d",
      "core@2.5.0/src/Base64.mo": "34bedbad18db06770823e86668a5968893124bfa6d60d8df6b8d9a9a8e15e441",
      "core@2.5.0/src/Bool.mo": "3b606a6631f28c774e3055bc860201e56260fd32fdc5e8dc00d901506be95db5",
      "core@2.5.0/src/Error.mo": "2112280ea5300ae94ff9188c3bbd75a7db87f0c6eb65c2ac5bf04bc27c851d98",
      "core@2.5.0/src/CallerAttributes.mo": "7ac5ea306f7e4393a7830a1dd522583d3388b8dd4667db132ee77ba9ae131f66",
      "core@2.5.0/src/Debug.mo": "526c3f9d94e4a682917febb7b0021831a7cc345a2aa63e2499ddeda33cf63b3e",
      "core@2.5.0/src/Cycles.mo": "9f5c1fceea47f05c43f22a1c25e8753fb7e552e36106d27bceef24b1310f4cbc",
      "core@2.5.0/src/Char.mo": "ecc2550a6c70ccbb204d216bd18a422d2fcfbb4668a89ac49aab059972902041",
      "core@2.5.0/src/Float.mo": "d8b0afa56911ce8da99e26c8b0f2f149cfdea04da864805ee1af44b67ce047b7",
      "core@2.5.0/src/CertifiedData.mo": "5af3182d77ab7aab2384d1f663a8cd992bbd6652aacff29c443314cf2186328f",
      "core@2.5.0/src/Int32.mo": "41d42155e753ef9fc1301c8823f255134bf2202d4a74ef33e7b7b54a8fc53af4",
      "core@2.5.0/src/Int16.mo": "78c72aafbc039e2c0becc824caa4181158206759d6859e83077db360bc8568c3",
      "core@2.5.0/src/Float32.mo": "8716c0504acb010c2f358a22896f917835377ebf16e4977e1776a26dae1d615c",
      "core@2.5.0/src/Func.mo": "535991ccca8d551d48129a0b7df03ea7bd6ebf3d74b1b572259d10ce709d7d46",
      "core@2.5.0/src/Int.mo": "03886964690ff75ecd4170decd67653c517dadc65d9957fc644d03e9c1cf9abb",
      "core@2.5.0/src/InternetComputer.mo": "969951411beb5caf7d60ba6d5e906a5c70a3b466cee42e1135d1cd3d791cb3a1",
      "core@2.5.0/src/Int64.mo": "f1fda85af9f20b47bcbfda6eaef08c6eee11cab6e5fe3eadb2d9b1c2bcef2e65",
      "core@2.5.0/src/Int8.mo": "361af007cfc333937c6bb8e238304db1a7f07a310ec3321a85b89d627f16990f",
      "core@2.5.0/src/Map.mo": "71c1dd738868479cc9770470706f6f222ac9d7b4a2743f59b33b16b31fd98ac7",
      "core@2.5.0/src/List.mo": "263c61ad591bc94f5adfc27517122ce060b9f50425b52e4e01c2d0ed1ced029d",
      "core@2.5.0/src/Nat16.mo": "2b04622ab82be11147130dce8968195c0d4a09b37de8f57d16580673ca780f78",
      "core@2.5.0/src/Nat64.mo": "b7ea9f45a35f82c81771c1c36d99d73fdbd9e21f5b0c10e832685f7327246c5e",
      "core@2.5.0/src/Nat32.mo": "e3630af6551ae2a80f3809870f55d137c07f68092940c8d9255395504e4e81c8",
      "core@2.5.0/src/Iter.mo": "3627fbf52a392bfa76c6d6803c584b1556add077d0ad214d55802e17acf4d773",
      "core@2.5.0/src/Nat.mo": "78dab3e33310b766ee9066095a3e6acb1884a8dac32ae9a7cd560637d1e4ea4a",
      "core@2.5.0/src/Nat8.mo": "e45a6ae2a55ee6ff890d556dc289816b1bdf352d52d4b3ce54e57ae795deffc2",
      "core@2.5.0/src/Option.mo": "aeec94cd6954e7b8b5463a5b15abddfb56c5322cb9b9e7ac782092d5c33a8b38",
      "core@2.5.0/src/Region.mo": "741a6fae4f61e42fa0a938b00646515edfc96527341a3a2c3936d436c973798b",
      "core@2.5.0/src/Result.mo": "0932722ab0187524c3c11539ccf2a1b9453438a9f3a042dde94e45d9c56a32c5",
      "core@2.5.0/src/Principal.mo": "2246c14f55c5bc6968d97b551d9083522bb7a35bfac6f10f4dbcaa7ba53fbb3f",
      "core@2.5.0/src/Random.mo": "f5d48c30297b579a068af8cd8c6f4f986605e492b1b65424329a5171d1480e97",
      "core@2.5.0/src/Order.mo": "6c21e905e1e8c2b40cd50438218230c207d0bbec0d2514779edd76f9f84a812c",
      "core@2.5.0/src/PriorityQueue.mo": "37b9906d1d5a61e520027fd2e48a77facb28ddc760d8129447d6902e037ef7ce",
      "core@2.5.0/src/Queue.mo": "807ae8b4bdcaef6e37c57b65a93a04c0c5ed72f77e315e9916f5a25f62ce424f",
      "core@2.5.0/src/Runtime.mo": "d221bd16b45cb717cb4ef4fd698fa8632a415aecbbb5a6fdc8b5cd4bc50a9e56",
      "core@2.5.0/src/Stack.mo": "ed3c98fae4164ab4f934752f9adc2a92098af8f6d9fc71b16a54867cdb8787f8",
      "core@2.5.0/src/Text.mo": "c23d3f2970234a9553d33aaed7907684d16b220e2cea95ebce02b25c3215e787",
      "core@2.5.0/src/Types.mo": "00dc0132996b3bb3eaf5cc4413be78ca860137ef26f5b472b0e7b3ef68f6652f",
      "core@2.5.0/src/Tuples.mo": "0156c1fc21fffedd71d173e0d1b1e7a9a19726cbc49ec1cf49029d6d93bc7955",
      "core@2.5.0/src/Timer.mo": "389c247eed600fc8195ad1d9872f98fcc92faad96335c9734cf5265d573612e2",
      "core@2.5.0/src/Set.mo": "d64fed0989da152d0a4baa81719bef548ad3f461367d5d434d14e98cb18281f0",
      "core@2.5.0/src/Time.mo": "fcffd56cbeb21c3d8613973f3f1ea382babcf122ea93c9689149f0101c5f3e96",
      "core@2.5.0/src/WeakReference.mo": "06e58a6d67bf67c4b31ff871416d0cf6d6e34bfb409ce73d83372ef6b74de3cf",
      "core@2.5.0/src/VarArray.mo": "289e68fe216caa39d7d4829b73ccc03ed6e5e2e1d07079e3baa83b55651d1dd8",
      "core@2.5.0/src/internal/BTreeHelper.mo": "20a475baf18f924ee0297fc234469fa0985cdaa31c85ce002b5a921383b0534d",
      "core@2.5.0/src/pure/List.mo": "b4fb45cf75410461fb1501a316d2384d1be63fee1fccf11ed1d29677e5e2393c",
      "core@2.5.0/src/internal/PRNG.mo": "8a93e87baa2b12f613c82394a4a05b425e44a695bbace4ca36f9a1f78be26442",
      "core@2.5.0/src/internal/SortHelper.mo": "fff4f2eec5c59a3db13e46eeb69152bb1b98931f45cb58ac481439a0cd0d10bb",
      "core@2.5.0/src/pure/Map.mo": "e9868fc4dd5e8e6272382e33241c59f8664e3de2e618cbf62fa8b20beabecfab",
      "core@2.5.0/src/pure/Queue.mo": "ed0bd0968457ea3bb24c5367f0dbdb159cfe950d0e2666224985e57a784fae3b",
      "core@2.5.0/src/pure/RealTimeQueue.mo": "af133ae61c69ce4e00db5e9db53ddeccad84373fef82a156c85360c2426349dd",
      "core@2.5.0/src/pure/Set.mo": "f0155b1d548cbc8889fcff75ef52f0cab7998b034621e4faac8d3b79d7bbac07"
    },
    "bitcoin@0.1.0": {
      "bitcoin@0.1.0/NOTICE": "e3b0c44298fc1c149afbf4c8996fb92427ae41e4649b934ca495991b7852b855",
      "bitcoin@0.1.0/mops.toml": "682b5879b8f7598261ea1112babc3fe88a7cc93e364f5578eb06e877af85e21b",
      "bitcoin@0.1.0/LICENSE": "c40ad81ae283a698516dbff4959219d6ba96cbec1c545647af1f11f715a73d2a",
      "bitcoin@0.1.0/README.md": "d32949323e6d041db192350683e55df0da1831e2766762a11403d0e56203e418",
      "bitcoin@0.1.0/src/Bech32.mo": "61c21fd8a155cdce6309fe0631c18caa62925410a85b2c14acbea54a868c2d94",
      "bitcoin@0.1.0/src/Base58.mo": "e75ffca71bc273f2273f7b495e6935ba247ab39e889f419a7051267b32edc9a3",
      "bitcoin@0.1.0/src/Base58Check.mo": "2514513f3792052614261b2323136269713ac50b0185956010f4973564cbf4b3",
      "bitcoin@0.1.0/src/Bip32.mo": "75299c2574918cdac0cf0e175950dc0407f967d5150cc64527ed96c0ca332556",
      "bitcoin@0.1.0/src/Common.mo": "9bdad7d03703a9486131567222b3f68571afda5eb9ab5897193496fc86085f1f",
      "bitcoin@0.1.0/src/ByteUtils.mo": "e3c1568fb8fa5d0eaa5476742d1a0666d3209444aa5b057929a4707975987d36",
      "bitcoin@0.1.0/src/Hash.mo": "2beead1ba39f99d3701df642eadf7f84fe4c4d09ddd44d35b28dc0f67b2dcde9",
      "bitcoin@0.1.0/src/Hmac.mo": "a9205f0e6e02e76a99c68dada8cada8bd88a02dd3989e7e61985a1da83dba811",
      "bitcoin@0.1.0/src/Ripemd160.mo": "b4bceb913683032d3620ba2452fbf7ffa78b4b2c9f6fbaa1b7ff0b1c2cce7dd9",
      "bitcoin@0.1.0/src/Segwit.mo": "423b2c8c26bd9f043b6a71f2c558f7ebdd2806cb5bc77557466e71dc4a3ed165",
      "bitcoin@0.1.0/src/bitcoin/Address.mo": "dee618f43508553eb167f5df4301e89d74d6fa5a1fec1fdaa8c2923d42242430",
      "bitcoin@0.1.0/src/bitcoin/Bitcoin.mo": "5d143e84f58e9f3d17dcd2f090789bb3da4b42f8d59acbdff2169d48d2d120b1",
      "bitcoin@0.1.0/src/bitcoin/P2tr.mo": "6d101f25d494eb654896e53eb23708810ddb3a3f57e887e0aa5b6c7afd836a01",
      "bitcoin@0.1.0/src/bitcoin/P2pkh.mo": "58747fc30885094df81cd1f69c668e8192da23ce46f42195de4c5fcee9004694",
      "bitcoin@0.1.0/src/bitcoin/Transaction.mo": "92cbda65c07e1316e6c0d352bfde28c00009636033e20f52a4263ced89236fed",
      "bitcoin@0.1.0/src/bitcoin/Script.mo": "d719f847263e7dc1f17cef81a65dac022d47bd4ec45a98b2e3eaa32ef5798ebb",
      "bitcoin@0.1.0/src/bitcoin/TxInput.mo": "bcacaf667bc9fd6c4c337c54b3f132fb281a1701f7b3950230214839d91d7aeb",
      "bitcoin@0.1.0/src/bitcoin/Types.mo": "093cdd2376e381907aa2d76b6222d2a50b323a1f01b6b549030ae3fcb1208904",
      "bitcoin@0.1.0/src/bitcoin/TxOutput.mo": "83317ecfb44b656dc8e2d96d223732bfbb8facc91e8932f3699d07a5d180ba41",
      "bitcoin@0.1.0/src/bitcoin/Wif.mo": "9beea06a70ef7837afbc43fe19496d116bdf5c4244b02b2c4c12bd3f82a1c444",
      "bitcoin@0.1.0/src/bitcoin/Witness.mo": "53716b0e99d035f1324e9328dc26d232a300a0085770953f186dde76dee5c853",
      "bitcoin@0.1.0/src/ec/Curves.mo": "d3cc1b65a81a0e9397fa3e1545b5ee94de6a9ebaf794b260524b8edef63577d8",
      "bitcoin@0.1.0/src/ec/Affine.mo": "a45a89f4f770c1e0dc58cc625cece12c3008e4810d11b99b82d03a1be47f1992",
      "bitcoin@0.1.0/src/ec/Field.mo": "42f95c74571ef0b112ee21a282db6953da7ab7a834d6149bc33359ae4e3c706a",
      "bitcoin@0.1.0/src/ec/Fp.mo": "246c531b1e7119ed9363fb21a1b4a468132a048ecab2ebc0654bd401ebd52b4a",
      "bitcoin@0.1.0/src/ec/Numbers.mo": "df5edb25185cc54331d6fff4cade036be95f17b7c63c8028fc2ca79ce664e1c3",
      "bitcoin@0.1.0/src/ec/Jacobi.mo": "bd5606620e43855bd04a624909a4cba7bf3d376fc74d83924f2035e32537d837",
      "bitcoin@0.1.0/src/ecdsa/Der.mo": "faf90b16c7ac785f030e27e0abd5da9d92ca1de619b0e113c1b750be50d1886c",
      "bitcoin@0.1.0/src/ecdsa/Publickey.mo": "a07e0d1d39b8f44b2a91e90ced1dbccd5189f112f45cd39db091c8cf4e775e7a",
      "bitcoin@0.1.0/src/ecdsa/Ecdsa.mo": "0247bc2b2dac95c1b97d8bf56fbed47e5954269c925def118103f0f85f3a71d1",
      "bitcoin@0.1.0/src/ecdsa/Types.mo": "72fd67985eb93f53ee136c06e7fc24042929378955c52088294744e29c39b0c9"
    },
    "base@0.12.1": {
      "base@0.12.1/mops.toml": "118b3be79becd448f8e448734d8319c162f2de3ab86995fa7fe40afce207f145",
      "base@0.12.1/NOTICE": "3960a8d25fa5fc909325817b08b36c1146970930ca15b6352f8ea6db803cab47",
      "base@0.12.1/src/Blob.mo": "9d4b10667080778bca66cb534f1e0a1477e5247a970170f4ba19e7c58cc4939d",
      "base@0.12.1/README.md": "f45244a47229456939321014b550e3360b4f8c4d0fd60aa60bbba7e9eacbc8de",
      "base@0.12.1/src/AssocList.mo": "07a92db12c36ba96baf3fb45ac76662407ca5d6cee7aedb01fa8ed6d9ee98cf4",
      "base@0.12.1/LICENSE": "166bd8e8cf7790087d1fd18a9fa4d060cc0d0b3e5ab30689aa5f3a59a93386bf",
      "base@0.12.1/src/Array.mo": "b8b182ec7522daf79160a00e34a7ea558369c32c2b67a6ed339fa2e56ce60835",
      "base@0.12.1/src/Char.mo": "dc34cfe3482b92134e5604629377b4236367f2f31d8a82b81084ca5cadf31c2e",
      "base@0.12.1/src/Bool.mo": "65faf01dc6e3609ed2f729b813811506951adcce71c081fc6edcdbae4c8b1169",
      "base@0.12.1/src/CertifiedData.mo": "51a205989529f6b4fe788f78be0de2da1cb96f6532aac8accccbf4421cce3d06",
      "base@0.12.1/src/Buffer.mo": "7ad75dec25ea37e964c536d6bb86ed90cc48047feedb57c9ded359bea49045f7",
      "base@0.12.1/src/Debug.mo": "3bc1b92c7e849ae09bd5bc43397d625c07ce80d1089cfe12cde6e6fee6a6ab7b",
      "base@0.12.1/src/Deque.mo": "39da68fb8f19fb497aa3db769ffe2cb740cab54e6d82264052de505edac9b17b",
      "base@0.12.1/src/Error.mo": "988e300efcdf69d08338a506b47da2536a376187542a731dcc83b427c711a23d",
      "base@0.12.1/src/ExperimentalCycles.mo": "914a997e981431b104ec8ef6c263908738ce88a3858d93cff7d1b3290cd6b68f",
      "base@0.12.1/src/ExperimentalStableMemory.mo": "70330ae4d113e15d1d211c8ea229bc0a6fc6c014f5fece58aea0de90c82e4fff",
      "base@0.12.1/src/ExperimentalInternetComputer.mo": "4aa908a6d33be0b0ee053056890c10dfc040df327283087e7c2a923ab19b6ca9",
      "base@0.12.1/src/HashMap.mo": "639c3377687ef59c22ac8df7ef5b26cf6c9689a356ea1ac9fbe215819db59adf",
      "base@0.12.1/src/Func.mo": "bea8bcb92707a255814e0a7d79c238e490860c38001438612948704027f05bec",
      "base@0.12.1/src/Float.mo": "499f0b2e4b3b1bd4322eaa6aa34ed3a99b31f837c6b032e5000e2f574bffa908",
      "base@0.12.1/src/Hash.mo": "99d7add2ed6e82cf482593ac85edd231d507ef542608cd42fec1cc6d764906e9",
      "base@0.12.1/src/Heap.mo": "517b746ca16d80b9b7cf3fc6c2883854d4cb240bd494a888fb65ac02441f769b",
      "base@0.12.1/src/Int.mo": "3dc2fe075ca553d92cb8178f3216a591233376ffb591d42a8f08bd86c7b5cea6",
      "base@0.12.1/src/Int16.mo": "586617af6cef687bd05cd29cd0c785b366ad5ad2b871151f909de76671b755c3",
      "base@0.12.1/src/Int32.mo": "bcb4775ef68e0b2b5b872771abcda8eaef4e0a126562b0877e91b3a1ebaaffd6",
      "base@0.12.1/src/Int64.mo": "7cfa15c6a8b777fb5f67e841da3d0960a5ef43c66d46acdf354e8a7dfac57d2d",
      "base@0.12.1/src/IterType.mo": "1b6361f1b7ee81d1974719c8464c8c574aaee992c37c3c7b6c39f107a58af01c",
      "base@0.12.1/src/Int8.mo": "dfdaf280fe2a1b7524cf82116ccdeea5c70cb27046b8addd3c3d9f387b17f594",
      "base@0.12.1/src/Iter.mo": "140291f243dfcfdbedb54a264cce76b7481eeb8767224a41fa9951beaf067b67",
      "base@0.12.1/src/List.mo": "d13e77eb05b4edcca55e7cc5ee7ce5018c5a137a7a67708e8eb54967c38673fb",
      "base@0.12.1/src/Nat.mo": "d2d24f2b42365b3a54c8bb3cf467b94d1ec7f3271a7d0f671986c04a39a8b844",
      "base@0.12.1/src/Nat16.mo": "42483fe26ec90fcfc5d90e82df945ea128d10145dada4ee8f68ee85e62f17841",
      "base@0.12.1/src/Nat32.mo": "7919cf0598707ae3628d70caa3bb44c04e3bd940752b85481f4f071cde89b66a",
      "base@0.12.1/src/Nat64.mo": "dce2861f9674d6301fb2b98475460e85b3d245537c52e3c7a90fac257e5c96f0",
      "base@0.12.1/src/Nat8.mo": "b9266d0b5e284288beeca990963cb7a8c9492d69771c656d0501507a613802ba",
      "base@0.12.1/src/None.mo": "b204a4964519117e6fa8ee82da5653376988cf618fc397205dfc8ea58f60d2d1",
      "base@0.12.1/src/Option.mo": "72c9ddc183b6248375e0f96efd33881a130a465f97e6a3a553ffe8f16bb5fba7",
      "base@0.12.1/src/Order.mo": "d8c76128271612469d052520f10af726556df78688729f9856b62ea292e0f43f",
      "base@0.12.1/src/Prelude.mo": "7b4ea84cb683203c68d6135b524ca5587a1b23436d6733e0aaf723d36be4aa85",
      "base@0.12.1/src/Principal.mo": "5e50eba952b7de62450264a2ece0af6edadd0b6dd4c8cfd2e432ca66022f70ab",
      "base@0.12.1/src/RBTree.mo": "fe2f775b84552e97ab4749b48d8aff6da675c8541b927f697055f34eb4decd2c",
      "base@0.12.1/src/Random.mo": "15f6fd50d10a9eb401c3f18f19874fb334fec309e94499a46a0a876037dca266",
      "base@0.12.1/src/Region.mo": "6ca3019aed15ad442a3a794000ac245b2bcbd846033966e446dc1a29986dbf0b",
      "base@0.12.1/src/Result.mo": "4aa00198ee36ea3b60519f9c350e1c17b14b6ffa005b6d4edcff36a0a206f3af",
      "base@0.12.1/src/Stack.mo": "4b2681e9ed562b02840b7a46b58e66b695a725f31b94f6c9952e95e81b703b84",
      "base@0.12.1/src/Text.mo": "08c5c0328da359144a6d50552b5c3ca9ccb63c6b859e2b2403abbfd112e09708",
      "base@0.12.1/src/Time.mo": "4e2a6126d0a2b0b862735adbde93620a70cb388af25a87c7b853650abd0743ab",
      "base@0.12.1/src/Timer.mo": "6d1c5203670163e689484231c1c34add09938621f9f21ce1390d0d8c4e3ec31d",
      "base@0.12.1/src/Trie.mo": "63c0fbe6d48808630c7edf51d66140b8b2a43a734e425ab854234126e242cb07",
      "base@0.12.1/src/TrieMap.mo": "6d69d887006cd1dff09331473f258141bccb251a04a3a8221b65720a4bf237ac",
      "base@0.12.1/src/TrieSet.mo": "29b3314f43fad714fc7b68cc3b0dde00a7d8b02b6431afd7fe12304dc14f9612"
    },
    "sha2@0.1.0": {
      "sha2@0.1.0/LICENSE": "c71d239df91726fc519c6eb72d318ec65820627232b2f796219e87dcf35d0ab4",
      "sha2@0.1.0/src/Sha512.mo": "4fbae3f3a1e8f8cbb4816ae093fab814882184cf37fe642de478a8c1d9e0bd5e",
      "sha2@0.1.0/NOTICE": "71e037856ba594c2b26f5d97a1f77a907ab2013af8cbb124857ca8b53022f83f",
      "sha2@0.1.0/mops.toml": "36a54c05e17a29c276490836732acc5bf8ce89f5f1df4723a2c0837c7c52576f",
      "sha2@0.1.0/README.md": "a0ae47017fa3565b3ba7727515673d007a95c54beb7a933588ffb1b1532f9013",
      "sha2@0.1.0/src/Sha256.mo": "393a8bd68ee648ee36dfe1d84d36985c2ed1f13e5f40119b00ddb0575a81137b"
    },
    "ic@4.0.0": {
      "ic@4.0.0/README.md": "7686aefce0c535d18ee2768e98660575563daa53b00d2c1041170032c232784c",
      "ic@4.0.0/mops.toml": "7a6bb3d74b1ec5539b9bb88e0a0a0ba09e8c46e00b38cb5feda009d6b80723df",
      "ic@4.0.0/src/Call.mo": "b4a3572e5617d0b1eb696450344b65e99504f844794e7ddf1cff664fcfeb2994",
      "ic@4.0.0/src/lib.mo": "9d9ec84a85eb25d191c1cae99cb841d9b6e0cf0f9bc27c3f3805ac9673d7bef1",
      "ic@4.0.0/LICENSE": "ec415b57f8143746b567c94bfad243f5342f3edf110c94641a1a60e02722db55",
      "ic@4.0.0/src/Types.mo": "373c3a18e072058aecaaec99385a08f95746c7e86cc9694f9f23caa982c2ad6c"
    }
  }
}