{
  "name": "nft-wallet",
  "version": "0.1.0",
  "lockfileVersion": 2,
  "requires": true,
  "packages": {
    "": {
      "name": "nft-wallet",
      "version": "0.1.0",
      "hasInstallScript": true,
      "dependencies": {
        "smelte": "^1.1.2"
      },
      "devDependencies": {
        "@rollup/plugin-html": "^0.2.4",
        "@rollup/plugin-replace": "^4.0.0"
      }
    },
    "node_modules/@rollup/plugin-html": {
      "version": "0.2.4",
      "resolved": "https://registry.npmjs.org/@rollup/plugin-html/-/plugin-html-0.2.4.tgz",
      "integrity": "sha512-x0qpNXxbmGa9Jnl4OX89AORPe2T/a4DqNK69BGRnEdaPKq6MdiUXSTam/eCkF5DxkQGcRcPq0L4vzr/E3q4mVA==",
      "dev": true,
      "engines": {
        "node": ">= 8.0.0"
      },
      "peerDependencies": {
        "rollup": "^1.20.0||^2.0.0"
      }
    },
    "node_modules/@rollup/plugin-replace": {
      "version": "4.0.0",
      "resolved": "https://registry.npmjs.org/@rollup/plugin-replace/-/plugin-replace-4.0.0.tgz",
      "integrity": "sha512-+rumQFiaNac9y64OHtkHGmdjm7us9bo1PlbgQfdihQtuNxzjpaB064HbRnewUOggLQxVCCyINfStkgmBeQpv1g==",
      "dev": true,
      "dependencies": {
        "@rollup/pluginutils": "^3.1.0",
        "magic-string": "^0.25.7"
      },
      "peerDependencies": {
        "rollup": "^1.20.0 || ^2.0.0"
      }
    },
    "node_modules/@rollup/pluginutils": {
      "version": "3.1.0",
      "resolved": "https://registry.npmjs.org/@rollup/pluginutils/-/pluginutils-3.1.0.tgz",
      "integrity": "sha512-GksZ6pr6TpIjHm8h9lSQ8pi8BE9VeubNT0OMJ3B5uZJ8pz73NPiqOtCog/x2/QzM1ENChPKxMDhiQuRHsqc+lg==",
      "dev": true,
      "dependencies": {
        "@types/estree": "0.0.39",
        "estree-walker": "^1.0.1",
        "picomatch": "^2.2.2"
      },
      "engines": {
        "node": ">= 8.0.0"
      },
      "peerDependencies": {
        "rollup": "^1.20.0||^2.0.0"
      }
    },
    "node_modules/@types/estree": {
      "version": "0.0.39",
      "resolved": "https://registry.npmjs.org/@types/estree/-/estree-0.0.39.tgz",
      "integrity": "sha512-EYNwp3bU+98cpU4lAWYYL7Zz+2gryWH1qbdDTidVd6hkiR6weksdbMadyXKXNPEkQFhXM+hVO9ZygomHXp+AIw==",
      "dev": true
    },
    "node_modules/estree-walker": {
      "version": "1.0.1",
      "resolved": "https://registry.npmjs.org/estree-walker/-/estree-walker-1.0.1.tgz",
      "integrity": "sha512-1fMXF3YP4pZZVozF8j/ZLfvnR8NSIljt56UhbZ5PeeDmmGHpgpdwQt7ITlGvYaQukCvuBRMLEiKiYC+oeIg4cg==",
      "dev": true
    },
    "node_modules/fsevents": {
      "version": "2.3.2",
      "resolved": "https://registry.npmjs.org/fsevents/-/fsevents-2.3.2.tgz",
      "integrity": "sha512-xiqMQR4xAeHTuB9uWm+fFRcIOgKBMiOBP+eXiyT7jsgVCq1bkVygt00oASowB7EdtpOHaaPgKt812P9ab+DDKA==",
      "dev": true,
      "hasInstallScript": true,
      "optional": true,
      "os": [
        "darwin"
      ],
      "peer": true,
      "engines": {
        "node": "^8.16.0 || ^10.6.0 || >=11.0.0"
      }
    },
    "node_modules/magic-string": {
      "version": "0.25.7",
      "resolved": "https://registry.npmjs.org/magic-string/-/magic-string-0.25.7.tgz",
      "integrity": "sha512-4CrMT5DOHTDk4HYDlzmwu4FVCcIYI8gauveasrdCu2IKIFOJ3f0v/8MDGJCDL9oD2ppz/Av1b0Nj345H9M+XIA==",
      "dev": true,
      "dependencies": {
        "sourcemap-codec": "^1.4.4"
      }
    },
    "node_modules/picomatch": {
      "version": "2.3.1",
      "resolved": "https://registry.npmjs.org/picomatch/-/picomatch-2.3.1.tgz",
      "integrity": "sha512-JU3teHTNjmE2VCGFzuY8EXzCDVwEqB2a8fsIvwaStHhAWJEeVd1o1QD80CU6+ZdEXXSLbSsuLwJjkCBWqRQUVA==",
      "dev": true,
      "engines": {
        "node": ">=8.6"
      },
      "funding": {
        "url": "https://github.com/sponsors/jonschlinkert"
      }
    },
    "node_modules/rollup": {
      "version": "2.68.0",
      "resolved": "https://registry.npmjs.org/rollup/-/rollup-2.68.0.tgz",
      "integrity": "sha512-XrMKOYK7oQcTio4wyTz466mucnd8LzkiZLozZ4Rz0zQD+HeX4nUK4B8GrTX/2EvN2/vBF/i2WnaXboPxo0JylA==",
      "dev": true,
      "peer": true,
      "bin": {
        "rollup": "dist/bin/rollup"
      },
      "engines": {
        "node": ">=10.0.0"
      },
      "optionalDependencies": {
        "fsevents": "~2.3.2"
      }
    },
    "node_modules/smelte": {
      "version": "1.1.2",
      "resolved": "https://registry.npmjs.org/smelte/-/smelte-1.1.2.tgz",
      "integrity": "sha512-A17bfaOofPFNHj71tC/wWrkyAYv/d1qjh+Khh64oqnUIALyTjzvA9mI16fbZ0Sk5df+yFOPtCi/u1peBrD6j+Q=="
    },
    "node_modules/sourcemap-codec": {
      "version": "1.4.8",
      "resolved": "https://registry.npmjs.org/sourcemap-codec/-/sourcemap-codec-1.4.8.tgz",
      "integrity": "sha512-9NykojV5Uih4lgo5So5dtw+f0JgJX30KCNI8gwhz2J9A15wD0Ml6tjHKwf6fTSa6fAdVBdZeNOs9eJ71qCk8vA==",
      "dev": true
    }
  },
  "dependencies": {
    "@rollup/plugin-html": {
      "version": "0.2.4",
      "resolved": "https://registry.npmjs.org/@rollup/plugin-html/-/plugin-html-0.2.4.tgz",
      "integrity": "sha512-x0qpNXxbmGa9Jnl4OX89AORPe2T/a4DqNK69BGRnEdaPKq6MdiUXSTam/eCkF5DxkQGcRcPq0L4vzr/E3q4mVA==",
      "dev": true,
      "requires": {}
    },
    "@rollup/plugin-replace": {
      "version": "4.0.0",
      "resolved": "https://registry.npmjs.org/@rollup/plugin-replace/-/plugin-replace-4.0.0.tgz",
      "integrity": "sha512-+rumQFiaNac9y64OHtkHGmdjm7us9bo1PlbgQfdihQtuNxzjpaB064HbRnewUOggLQxVCCyINfStkgmBeQpv1g==",
      "dev": true,
      "requires": {
        "@rollup/pluginutils": "^3.1.0",
        "magic-string": "^0.25.7"
      }
    },
    "@rollup/pluginutils": {
      "version": "3.1.0",
      "resolved": "https://registry.npmjs.org/@rollup/pluginutils/-/pluginutils-3.1.0.tgz",
      "integrity": "sha512-GksZ6pr6TpIjHm8h9lSQ8pi8BE9VeubNT0OMJ3B5uZJ8pz73NPiqOtCog/x2/QzM1ENChPKxMDhiQuRHsqc+lg==",
      "dev": true,
      "requires": {
        "@types/estree": "0.0.39",
        "estree-walker": "^1.0.1",
        "picomatch": "^2.2.2"
      }
    },
    "@types/estree": {
      "version": "0.0.39",
      "resolved": "https://registry.npmjs.org/@types/estree/-/estree-0.0.39.tgz",
      "integrity": "sha512-EYNwp3bU+98cpU4lAWYYL7Zz+2gryWH1qbdDTidVd6hkiR6weksdbMadyXKXNPEkQFhXM+hVO9ZygomHXp+AIw==",
      "dev": true
    },
    "estree-walker": {
      "version": "1.0.1",
      "resolved": "https://registry.npmjs.org/estree-walker/-/estree-walker-1.0.1.tgz",
      "integrity": "sha512-1fMXF3YP4pZZVozF8j/ZLfvnR8NSIljt56UhbZ5PeeDmmGHpgpdwQt7ITlGvYaQukCvuBRMLEiKiYC+oeIg4cg==",
      "dev": true
    },
    "fsevents": {
      "version": "2.3.2",
      "resolved": "https://registry.npmjs.org/fsevents/-/fsevents-2.3.2.tgz",
      "integrity": "sha512-xiqMQR4xAeHTuB9uWm+fFRcIOgKBMiOBP+eXiyT7jsgVCq1bkVygt00oASowB7EdtpOHaaPgKt812P9ab+DDKA==",
      "dev": true,
      "optional": true,
      "peer": true
    },
    "magic-string": {
      "version": "0.25.7",
      "resolved": "https://registry.npmjs.org/magic-string/-/magic-string-0.25.7.tgz",
      "integrity": "sha512-4CrMT5DOHTDk4HYDlzmwu4FVCcIYI8gauveasrdCu2IKIFOJ3f0v/8MDGJCDL9oD2ppz/Av1b0Nj345H9M+XIA==",
      "dev": true,
      "requires": {
        "sourcemap-codec": "^1.4.4"
      }
    },
    "picomatch": {
      "version": "2.3.1",
      "resolved": "https://registry.npmjs.org/picomatch/-/picomatch-2.3.1.tgz",
      "integrity": "sha512-JU3teHTNjmE2VCGFzuY8EXzCDVwEqB2a8fsIvwaStHhAWJEeVd1o1QD80CU6+ZdEXXSLbSsuLwJjkCBWqRQUVA==",
      "dev": true
    },
    "rollup": {
      "version": "2.68.0",
      "resolved": "https://registry.npmjs.org/rollup/-/rollup-2.68.0.tgz",
      "integrity": "sha512-XrMKOYK7oQcTio4wyTz466mucnd8LzkiZLozZ4Rz0zQD+HeX4nUK4B8GrTX/2EvN2/vBF/i2WnaXboPxo0JylA==",
      "dev": true,
      "peer": true,
      "requires": {
        "fsevents": "~2.3.2"
      }
    },
    "smelte": {
      "version": "1.1.2",
      "resolved": "https://registry.npmjs.org/smelte/-/smelte-1.1.2.tgz",
      "integrity": "sha512-A17bfaOofPFNHj71tC/wWrkyAYv/d1qjh+Khh64oqnUIALyTjzvA9mI16fbZ0Sk5df+yFOPtCi/u1peBrD6j+Q=="
    },
    "sourcemap-codec": {
      "version": "1.4.8",
      "resolved": "https://registry.npmjs.org/sourcemap-codec/-/sourcemap-codec-1.4.8.tgz",
      "integrity": "sha512-9NykojV5Uih4lgo5So5dtw+f0JgJX30KCNI8gwhz2J9A15wD0Ml6tjHKwf6fTSa6fAdVBdZeNOs9eJ71qCk8vA==",
      "dev": true
    }
  }
}
